
Microsoft Visual Studio Solution File, Format Version 12.00
# Visual Studio Version 17
VisualStudioVersion = 17.0.31903.59
MinimumVisualStudioVersion = 10.0.40219.1
Project("{2150E333-8FDC-42A3-9474-1A3956D46DE8}") = "TechMarket.DAL", "TechMarket.DAL", "{CB9C998B-C6BF-4A83-AC0D-AF00EB1FD3AC}"
EndProject
Project("{2150E333-8FDC-42A3-9474-1A3956D46DE8}") = "TechMarket.Domain", "TechMarket.Domain", "{A69766B2-1410-42F4-9638-19572F4CBDCE}"
EndProject
Project("{2150E333-8FDC-42A3-9474-1A3956D46DE8}") = "TechMarket.Service", "TechMarket.Service", "{8F1FFD65-A834-4E0D-8C30-FCF5115E982C}"
EndProject
Project("{2150E333-8FDC-42A3-9474-1A3956D46DE8}") = "TechMarket.WEB", "TechMarket.WEB", "{B4E5F430-F279-47CD-B6E8-9E2D948956B9}"
EndProject
Project("{FAE04EC0-301F-11D3-BF4B-00C04F79EFBC}") = "TechMarket.WEB", "TechMarket.WEB\TechMarket.WEB.csproj", "{60EF5309-836F-4871-B74C-33FEE55DD7A4}"
EndProject
Project("{2150E333-8FDC-42A3-9474-1A3956D46DE8}") = "TechMarket.Test", "TechMarket.Test", "{29E0B472-F9DF-47F7-B043-CE47471D5182}"
EndProject
Project("{FAE04EC0-301F-11D3-BF4B-00C04F79EFBC}") = "TechMarket.DAL", "TechMarket.DAL\TechMarket.DAL.csproj", "{07FB09E5-8713-4EBD-9FCD-DB53191CB42F}"
EndProject
Project("{FAE04EC0-301F-11D3-BF4B-00C04F79EFBC}") = "TechMarket.Domain", "TechMarket.Domain\TechMarket.Domain.csproj", "{48F86B42-0A04-4DEB-B2BE-73121C09419B}"
EndProject
Project("{FAE04EC0-301F-11D3-BF4B-00C04F79EFBC}") = "TechMarket.Service", "TechMarket.Service\TechMarket.Service.csproj", "{CBB73006-8E09-4B24-B3D9-FED4316FCB2B}"
EndProject
Project("{FAE04EC0-301F-11D3-BF4B-00C04F79EFBC}") = "TechMarket.Test", "TechMarket.Test\TechMarket.Test.csproj", "{0AD920B8-4C7F-4807-8788-CD47E9ADFE44}"
EndProject
Global
	GlobalSection(SolutionConfigurationPlatforms) = preSolution
		Debug|Any CPU = Debug|Any CPU
		Release|Any CPU = Release|Any CPU
	EndGlobalSection
	GlobalSection(ProjectConfigurationPlatforms) = postSolution
		{60EF5309-836F-4871-B74C-33FEE55DD7A4}.Debug|Any CPU.ActiveCfg = Debug|Any CPU
		{60EF5309-836F-4871-B74C-33FEE55DD7A4}.Debug|Any CPU.Build.0 = Debug|Any CPU
		{60EF5309-836F-4871-B74C-33FEE55DD7A4}.Release|Any CPU.ActiveCfg = Release|Any CPU
		{60EF5309-836F-4871-B74C-33FEE55DD7A4}.Release|Any CPU.Build.0 = Release|Any CPU
		{07FB09E5-8713-4EBD-9FCD-DB53191CB42F}.Debug|Any CPU.ActiveCfg = Debug|Any CPU
		{07FB09E5-8713-4EBD-9FCD-DB53191CB42F}.Debug|Any CPU.Build.0 = Debug|Any CPU
		{07FB09E5-8713-4EBD-9FCD-DB53191CB42F}.Release|Any CPU.ActiveCfg = Release|Any CPU
		{07FB09E5-8713-4EBD-9FCD-DB53191CB42F}.Release|Any CPU.Build.0 = Release|Any CPU
		{48F86B42-0A04-4DEB-B2BE-73121C09419B}.Debug|Any CPU.ActiveCfg = Debug|Any CPU
		{48F86B42-0A04-4DEB-B2BE-73121C09419B}.Debug|Any CPU.Build.0 = Debug|Any CPU
		{48F86B42-0A04-4DEB-B2BE-73121C09419B}.Release|Any CPU.ActiveCfg = Release|Any CPU
		{48F86B42-0A04-4DEB-B2BE-73121C09419B}.Release|Any CPU.Build.0 = Release|Any CPU
		{CBB73006-8E09-4B24-B3D9-FED4316FCB2B}.Debug|Any CPU.ActiveCfg = Debug|Any CPU
		{CBB73006-8E09-4B24-B3D9-FED4316FCB2B}.Debug|Any CPU.Build.0 = Debug|Any CPU
		{CBB73006-8E09-4B24-B3D9-FED4316FCB2B}.Release|Any CPU.ActiveCfg = Release|Any CPU
		{CBB73006-8E09-4B24-B3D9-FED4316FCB2B}.Release|Any CPU.Build.0 = Release|Any CPU
		{0AD920B8-4C7F-4807-8788-CD47E9ADFE44}.Debug|Any CPU.ActiveCfg = Debug|Any CPU
		{0AD920B8-4C7F-4807-8788-CD47E9ADFE44}.Debug|Any CPU.Build.0 = Debug|Any CPU
		{0AD920B8-4C7F-4807-8788-CD47E9ADFE44}.Release|Any CPU.ActiveCfg = Release|Any CPU
		{0AD920B8-4C7F-4807-8788-CD47E9ADFE44}.Release|Any CPU.Build.0 = Release|Any CPU
	EndGlobalSection
	GlobalSection(SolutionProperties) = preSolution
		HideSolutionNode = FALSE
	EndGlobalSection
	GlobalSection(NestedProjects) = preSolution
		{60EF5309-836F-4871-B74C-33FEE55DD7A4} = {B4E5F430-F279-47CD-B6E8-9E2D948956B9}
		{07FB09E5-8713-4EBD-9FCD-DB53191CB42F} = {CB9C998B-C6BF-4A83-AC0D-AF00EB1FD3AC}
		{48F86B42-0A04-4DEB-B2BE-73121C09419B} = {A69766B2-1410-42F4-9638-19572F4CBDCE}
		{CBB73006-8E09-4B24-B3D9-FED4316FCB2B} = {8F1FFD65-A834-4E0D-8C30-FCF5115E982C}
		{0AD920B8-4C7F-4807-8788-CD47E9ADFE44} = {29E0B472-F9DF-47F7-B043-CE47471D5182}
	EndGlobalSection
	GlobalSection(ExtensibilityGlobals) = postSolution
		SolutionGuid = {D9F3F8F5-5AB4-486F-861D-AAA97808246E}
	EndGlobalSection
EndGlobal
