
Microsoft Visual Studio Solution File, Format Version 12.00
# Visual Studio Version 17
VisualStudioVersion = 17.0.31903.59
MinimumVisualStudioVersion = 10.0.40219.1
Project("{FAE04EC0-301F-11D3-BF4B-00C04F79EFBC}") = "TechMarket", "TechMarket\TechMarket.csproj", "{FC911ADB-5608-4952-87F7-313E136A8DEC}"
EndProject
Global
	GlobalSection(SolutionConfigurationPlatforms) = preSolution
		Debug|Any CPU = Debug|Any CPU
		Release|Any CPU = Release|Any CPU
	EndGlobalSection
	GlobalSection(ProjectConfigurationPlatforms) = postSolution
		{FC911ADB-5608-4952-87F7-313E136A8DEC}.Debug|Any CPU.ActiveCfg = Debug|Any CPU
		{FC911ADB-5608-4952-87F7-313E136A8DEC}.Debug|Any CPU.Build.0 = Debug|Any CPU
		{FC911ADB-5608-4952-87F7-313E136A8DEC}.Release|Any CPU.ActiveCfg = Release|Any CPU
		{FC911ADB-5608-4952-87F7-313E136A8DEC}.Release|Any CPU.Build.0 = Release|Any CPU
	EndGlobalSection
	GlobalSection(SolutionProperties) = preSolution
		HideSolutionNode = FALSE
	EndGlobalSection
	GlobalSection(ExtensibilityGlobals) = postSolution
		SolutionGuid = {D9F3F8F5-5AB4-486F-861D-AAA97808246E}
	EndGlobalSection
EndGlobal
